
Microsoft Visual Studio Solution File, Format Version 12.00
# Visual Studio Version 17
VisualStudioVersion = 17.6.33829.357
MinimumVisualStudioVersion = 10.0.40219.1
Project("{2150E333-8FDC-42A3-9474-1A3956D46DE8}") = "_commands", "_commands", "{5B06F977-E48C-4EDA-A08D-F69B46D4D4B2}"
	ProjectSection(SolutionItems) = preProject
		_commands\nuget-commands.txt = _commands\nuget-commands.txt
	EndProjectSection
EndProject
Project("{9A19103F-16F7-4668-BE54-9A1E7A4F7556}") = "Nik.Extensions.Configurations", "Nik.Extensions.Configurations\Nik.Extensions.Configurations.csproj", "{EFB20093-CC05-49B6-A96A-8C6988851519}"
EndProject
Project("{9A19103F-16F7-4668-BE54-9A1E7A4F7556}") = "Nik.Extensions.Configurations.Tests", "Nik.Extensions.Configurations.UnitTests\Nik.Extensions.Configurations.Tests.csproj", "{F6644983-655B-44E2-BE1F-55ACD18CC934}"
EndProject
Project("{FAE04EC0-301F-11D3-BF4B-00C04F79EFBC}") = "Nik.Extensions.Configurations.Models", "Nik.Extensions.Configurations.Models\Nik.Extensions.Configurations.Models.csproj", "{F2F32700-1995-4616-8109-51696E94AD2B}"
EndProject
Global
	GlobalSection(SolutionConfigurationPlatforms) = preSolution
		Debug|Any CPU = Debug|Any CPU
		Release|Any CPU = Release|Any CPU
	EndGlobalSection
	GlobalSection(ProjectConfigurationPlatforms) = postSolution
		{EFB20093-CC05-49B6-A96A-8C6988851519}.Debug|Any CPU.ActiveCfg = Debug|Any CPU
		{EFB20093-CC05-49B6-A96A-8C6988851519}.Debug|Any CPU.Build.0 = Debug|Any CPU
		{EFB20093-CC05-49B6-A96A-8C6988851519}.Release|Any CPU.ActiveCfg = Release|Any CPU
		{EFB20093-CC05-49B6-A96A-8C6988851519}.Release|Any CPU.Build.0 = Release|Any CPU
		{F6644983-655B-44E2-BE1F-55ACD18CC934}.Debug|Any CPU.ActiveCfg = Debug|Any CPU
		{F6644983-655B-44E2-BE1F-55ACD18CC934}.Debug|Any CPU.Build.0 = Debug|Any CPU
		{F6644983-655B-44E2-BE1F-55ACD18CC934}.Release|Any CPU.ActiveCfg = Release|Any CPU
		{F6644983-655B-44E2-BE1F-55ACD18CC934}.Release|Any CPU.Build.0 = Release|Any CPU
		{F2F32700-1995-4616-8109-51696E94AD2B}.Debug|Any CPU.ActiveCfg = Debug|Any CPU
		{F2F32700-1995-4616-8109-51696E94AD2B}.Debug|Any CPU.Build.0 = Debug|Any CPU
		{F2F32700-1995-4616-8109-51696E94AD2B}.Release|Any CPU.ActiveCfg = Release|Any CPU
		{F2F32700-1995-4616-8109-51696E94AD2B}.Release|Any CPU.Build.0 = Release|Any CPU
	EndGlobalSection
	GlobalSection(SolutionProperties) = preSolution
		HideSolutionNode = FALSE
	EndGlobalSection
	GlobalSection(ExtensibilityGlobals) = postSolution
		SolutionGuid = {08394233-FC5E-43D9-B720-B6B8C51CACDC}
	EndGlobalSection
EndGlobal
